
Microsoft Visual Studio Solution File, Format Version 12.00
# Visual Studio Version 16
VisualStudioVersion = 16.0.30114.105
MinimumVisualStudioVersion = 10.0.40219.1
Project("{9A19103F-16F7-4668-BE54-9A1E7A4F7556}") = "TCAPP.API", "TCAPP.API\TCAPP.API.csproj", "{B6F4F4D1-AC03-4DB6-A391-90BF08A2A155}"
EndProject
Project("{9A19103F-16F7-4668-BE54-9A1E7A4F7556}") = "TCAPP.Domain", "TCAPP.Domain\TCAPP.Domain.csproj", "{D21B2472-4A49-4E72-9AA5-F35BC84F73A5}"
EndProject
Project("{9A19103F-16F7-4668-BE54-9A1E7A4F7556}") = "TCAPP.DataAccess", "TCAPP.DataAccess\TCAPP.DataAccess.csproj", "{223B07AF-7CFB-498A-9FB0-DD5940BB73C5}"
EndProject
Project("{FAE04EC0-301F-11D3-BF4B-00C04F79EFBC}") = "TCAPP.Business", "TCAPP.Business\TCAPP.Business.csproj", "{10B755E5-2E07-48D2-8354-C830912A4F1E}"
EndProject
Project("{FAE04EC0-301F-11D3-BF4B-00C04F79EFBC}") = "TCAPP.Infrastructure", "TCAPP.Infrastructure\TCAPP.Infrastructure.csproj", "{6285D2C7-3AB8-4D0A-8ABF-1510A02EA601}"
EndProject
Project("{FAE04EC0-301F-11D3-BF4B-00C04F79EFBC}") = "TCAPP.DTO", "TCAPP.DTO\TCAPP.DTO.csproj", "{9162FBB3-80E7-4150-A690-83B11F9A465A}"
EndProject
Global
	GlobalSection(SolutionConfigurationPlatforms) = preSolution
		Debug|Any CPU = Debug|Any CPU
		Release|Any CPU = Release|Any CPU
	EndGlobalSection
	GlobalSection(ProjectConfigurationPlatforms) = postSolution
		{B6F4F4D1-AC03-4DB6-A391-90BF08A2A155}.Debug|Any CPU.ActiveCfg = Debug|Any CPU
		{B6F4F4D1-AC03-4DB6-A391-90BF08A2A155}.Debug|Any CPU.Build.0 = Debug|Any CPU
		{B6F4F4D1-AC03-4DB6-A391-90BF08A2A155}.Release|Any CPU.ActiveCfg = Release|Any CPU
		{B6F4F4D1-AC03-4DB6-A391-90BF08A2A155}.Release|Any CPU.Build.0 = Release|Any CPU
		{D21B2472-4A49-4E72-9AA5-F35BC84F73A5}.Debug|Any CPU.ActiveCfg = Debug|Any CPU
		{D21B2472-4A49-4E72-9AA5-F35BC84F73A5}.Debug|Any CPU.Build.0 = Debug|Any CPU
		{D21B2472-4A49-4E72-9AA5-F35BC84F73A5}.Release|Any CPU.ActiveCfg = Release|Any CPU
		{D21B2472-4A49-4E72-9AA5-F35BC84F73A5}.Release|Any CPU.Build.0 = Release|Any CPU
		{223B07AF-7CFB-498A-9FB0-DD5940BB73C5}.Debug|Any CPU.ActiveCfg = Debug|Any CPU
		{223B07AF-7CFB-498A-9FB0-DD5940BB73C5}.Debug|Any CPU.Build.0 = Debug|Any CPU
		{223B07AF-7CFB-498A-9FB0-DD5940BB73C5}.Release|Any CPU.ActiveCfg = Release|Any CPU
		{223B07AF-7CFB-498A-9FB0-DD5940BB73C5}.Release|Any CPU.Build.0 = Release|Any CPU
		{10B755E5-2E07-48D2-8354-C830912A4F1E}.Debug|Any CPU.ActiveCfg = Debug|Any CPU
		{10B755E5-2E07-48D2-8354-C830912A4F1E}.Debug|Any CPU.Build.0 = Debug|Any CPU
		{10B755E5-2E07-48D2-8354-C830912A4F1E}.Release|Any CPU.ActiveCfg = Release|Any CPU
		{10B755E5-2E07-48D2-8354-C830912A4F1E}.Release|Any CPU.Build.0 = Release|Any CPU
		{6285D2C7-3AB8-4D0A-8ABF-1510A02EA601}.Debug|Any CPU.ActiveCfg = Debug|Any CPU
		{6285D2C7-3AB8-4D0A-8ABF-1510A02EA601}.Debug|Any CPU.Build.0 = Debug|Any CPU
		{6285D2C7-3AB8-4D0A-8ABF-1510A02EA601}.Release|Any CPU.ActiveCfg = Release|Any CPU
		{6285D2C7-3AB8-4D0A-8ABF-1510A02EA601}.Release|Any CPU.Build.0 = Release|Any CPU
		{9162FBB3-80E7-4150-A690-83B11F9A465A}.Debug|Any CPU.ActiveCfg = Debug|Any CPU
		{9162FBB3-80E7-4150-A690-83B11F9A465A}.Debug|Any CPU.Build.0 = Debug|Any CPU
		{9162FBB3-80E7-4150-A690-83B11F9A465A}.Release|Any CPU.ActiveCfg = Release|Any CPU
		{9162FBB3-80E7-4150-A690-83B11F9A465A}.Release|Any CPU.Build.0 = Release|Any CPU
	EndGlobalSection
	GlobalSection(SolutionProperties) = preSolution
		HideSolutionNode = FALSE
	EndGlobalSection
	GlobalSection(ExtensibilityGlobals) = postSolution
		SolutionGuid = {A69905C9-2C18-4E23-8C17-B899A7FFDCD5}
	EndGlobalSection
EndGlobal
