
Microsoft Visual Studio Solution File, Format Version 12.00
# Visual Studio Version 16
VisualStudioVersion = 16.0.30114.105
MinimumVisualStudioVersion = 10.0.40219.1
Project("{FAE04EC0-301F-11D3-BF4B-00C04F79EFBC}") = "TCAPP.API", "TCAPP.API\TCAPP.API.csproj", "{B6F4F4D1-AC03-4DB6-A391-90BF08A2A155}"
EndProject
Project("{FAE04EC0-301F-11D3-BF4B-00C04F79EFBC}") = "TCAPP.Domain", "TCAPP.Domain\TCAPP.Domain.csproj", "{D21B2472-4A49-4E72-9AA5-F35BC84F73A5}"
EndProject
Project("{FAE04EC0-301F-11D3-BF4B-00C04F79EFBC}") = "TCAPP.DataAccess", "TCAPP.DataAccess\TCAPP.DataAccess.csproj", "{223B07AF-7CFB-498A-9FB0-DD5940BB73C5}"
EndProject
Global
	GlobalSection(SolutionConfigurationPlatforms) = preSolution
		Debug|Any CPU = Debug|Any CPU
		Release|Any CPU = Release|Any CPU
	EndGlobalSection
	GlobalSection(ProjectConfigurationPlatforms) = postSolution
		{B6F4F4D1-AC03-4DB6-A391-90BF08A2A155}.Debug|Any CPU.ActiveCfg = Debug|Any CPU
		{B6F4F4D1-AC03-4DB6-A391-90BF08A2A155}.Debug|Any CPU.Build.0 = Debug|Any CPU
		{B6F4F4D1-AC03-4DB6-A391-90BF08A2A155}.Release|Any CPU.ActiveCfg = Release|Any CPU
		{B6F4F4D1-AC03-4DB6-A391-90BF08A2A155}.Release|Any CPU.Build.0 = Release|Any CPU
		{D21B2472-4A49-4E72-9AA5-F35BC84F73A5}.Debug|Any CPU.ActiveCfg = Debug|Any CPU
		{D21B2472-4A49-4E72-9AA5-F35BC84F73A5}.Debug|Any CPU.Build.0 = Debug|Any CPU
		{D21B2472-4A49-4E72-9AA5-F35BC84F73A5}.Release|Any CPU.ActiveCfg = Release|Any CPU
		{D21B2472-4A49-4E72-9AA5-F35BC84F73A5}.Release|Any CPU.Build.0 = Release|Any CPU
		{223B07AF-7CFB-498A-9FB0-DD5940BB73C5}.Debug|Any CPU.ActiveCfg = Debug|Any CPU
		{223B07AF-7CFB-498A-9FB0-DD5940BB73C5}.Debug|Any CPU.Build.0 = Debug|Any CPU
		{223B07AF-7CFB-498A-9FB0-DD5940BB73C5}.Release|Any CPU.ActiveCfg = Release|Any CPU
		{223B07AF-7CFB-498A-9FB0-DD5940BB73C5}.Release|Any CPU.Build.0 = Release|Any CPU
	EndGlobalSection
	GlobalSection(SolutionProperties) = preSolution
		HideSolutionNode = FALSE
	EndGlobalSection
	GlobalSection(ExtensibilityGlobals) = postSolution
		SolutionGuid = {A69905C9-2C18-4E23-8C17-B899A7FFDCD5}
	EndGlobalSection
EndGlobal
